// !$*UTF8*$!
{
	archiveVersion = 1;
	classes = {
	};
	objectVersion = 50;
	objects = {

/* Begin PBXBuildFile section */
		56284A9F2CD0F48D00941DEF /* Save_PocketApp.swift in Sources */ = {isa = PBXBuildFile; fileRef = 56284A9E2CD0F48D00941DEF /* Save_PocketApp.swift */; };
		56284AA12CD0F48D00941DEF /* ContentView.swift in Sources */ = {isa = PBXBuildFile; fileRef = 56284AA02CD0F48D00941DEF /* ContentView.swift */; };
		56284AA32CD0F48F00941DEF /* Assets.xcassets in Resources */ = {isa = PBXBuildFile; fileRef = 56284AA22CD0F48F00941DEF /* Assets.xcassets */; };
		56284AA62CD0F48F00941DEF /* Preview Assets.xcassets in Resources */ = {isa = PBXBuildFile; fileRef = 56284AA52CD0F48F00941DEF /* Preview Assets.xcassets */; };
		56284AB12CD0F48F00941DEF /* Save_PocketTests.swift in Sources */ = {isa = PBXBuildFile; fileRef = 56284AB02CD0F48F00941DEF /* Save_PocketTests.swift */; };
		56284ABC2CD0F48F00941DEF /* Save_PocketUITests.swift in Sources */ = {isa = PBXBuildFile; fileRef = 56284ABB2CD0F48F00941DEF /* Save_PocketUITests.swift */; };
/* End PBXBuildFile section */

/* Begin PBXContainerItemProxy section */
		56284AAD2CD0F48F00941DEF /* PBXContainerItemProxy */ = {
			isa = PBXContainerItemProxy;
			containerPortal = 56284A932CD0F48D00941DEF /* Project object */;
			proxyType = 1;
			remoteGlobalIDString = 56284A9A2CD0F48D00941DEF;
			remoteInfo = "Save-Pocket";
		};
		56284AB82CD0F48F00941DEF /* PBXContainerItemProxy */ = {
			isa = PBXContainerItemProxy;
			containerPortal = 56284A932CD0F48D00941DEF /* Project object */;
			proxyType = 1;
			remoteGlobalIDString = 56284A9A2CD0F48D00941DEF;
			remoteInfo = "Save-Pocket";
		};
/* End PBXContainerItemProxy section */

/* Begin PBXFileReference section */
		56284A9B2CD0F48D00941DEF /* Save-Pocket.app */ = {isa = PBXFileReference; explicitFileType = wrapper.application; includeInIndex = 0; path = "Save-Pocket.app"; sourceTree = BUILT_PRODUCTS_DIR; };
		56284A9E2CD0F48D00941DEF /* Save_PocketApp.swift */ = {isa = PBXFileReference; lastKnownFileType = sourcecode.swift; path = Save_PocketApp.swift; sourceTree = "<group>"; };
		56284AA02CD0F48D00941DEF /* ContentView.swift */ = {isa = PBXFileReference; lastKnownFileType = sourcecode.swift; path = ContentView.swift; sourceTree = "<group>"; };
		56284AA22CD0F48F00941DEF /* Assets.xcassets */ = {isa = PBXFileReference; lastKnownFileType = folder.assetcatalog; path = Assets.xcassets; sourceTree = "<group>"; };
		56284AA52CD0F48F00941DEF /* Preview Assets.xcassets */ = {isa = PBXFileReference; lastKnownFileType = folder.assetcatalog; path = "Preview Assets.xcassets"; sourceTree = "<group>"; };
		56284AA72CD0F48F00941DEF /* Info.plist */ = {isa = PBXFileReference; lastKnownFileType = text.plist.xml; path = Info.plist; sourceTree = "<group>"; };
		56284AAC2CD0F48F00941DEF /* Save-PocketTests.xctest */ = {isa = PBXFileReference; explicitFileType = wrapper.cfbundle; includeInIndex = 0; path = "Save-PocketTests.xctest"; sourceTree = BUILT_PRODUCTS_DIR; };
		56284AB02CD0F48F00941DEF /* Save_PocketTests.swift */ = {isa = PBXFileReference; lastKnownFileType = sourcecode.swift; path = Save_PocketTests.swift; sourceTree = "<group>"; };
		56284AB22CD0F48F00941DEF /* Info.plist */ = {isa = PBXFileReference; lastKnownFileType = text.plist.xml; path = Info.plist; sourceTree = "<group>"; };
		56284AB72CD0F48F00941DEF /* Save-PocketUITests.xctest */ = {isa = PBXFileReference; explicitFileType = wrapper.cfbundle; includeInIndex = 0; path = "Save-PocketUITests.xctest"; sourceTree = BUILT_PRODUCTS_DIR; };
		56284ABB2CD0F48F00941DEF /* Save_PocketUITests.swift */ = {isa = PBXFileReference; lastKnownFileType = sourcecode.swift; path = Save_PocketUITests.swift; sourceTree = "<group>"; };
		56284ABD2CD0F48F00941DEF /* Info.plist */ = {isa = PBXFileReference; lastKnownFileType = text.plist.xml; path = Info.plist; sourceTree = "<group>"; };
/* End PBXFileReference section */

/* Begin PBXFrameworksBuildPhase section */
		56284A982CD0F48D00941DEF /* Frameworks */ = {
			isa = PBXFrameworksBuildPhase;
			buildActionMask = 2147483647;
			files = (
			);
			runOnlyForDeploymentPostprocessing = 0;
		};
		56284AA92CD0F48F00941DEF /* Frameworks */ = {
			isa = PBXFrameworksBuildPhase;
			buildActionMask = 2147483647;
			files = (
			);
			runOnlyForDeploymentPostprocessing = 0;
		};
		56284AB42CD0F48F00941DEF /* Frameworks */ = {
			isa = PBXFrameworksBuildPhase;
			buildActionMask = 2147483647;
			files = (
			);
			runOnlyForDeploymentPostprocessing = 0;
		};
/* End PBXFrameworksBuildPhase section */

/* Begin PBXGroup section */
		56284A922CD0F48D00941DEF = {
			isa = PBXGroup;
			children = (
				56284A9D2CD0F48D00941DEF /* Save-Pocket */,
				56284AAF2CD0F48F00941DEF /* Save-PocketTests */,
				56284ABA2CD0F48F00941DEF /* Save-PocketUITests */,
				56284A9C2CD0F48D00941DEF /* Products */,
			);
			sourceTree = "<group>";
		};
		56284A9C2CD0F48D00941DEF /* Products */ = {
			isa = PBXGroup;
			children = (
				56284A9B2CD0F48D00941DEF /* Save-Pocket.app */,
				56284AAC2CD0F48F00941DEF /* Save-PocketTests.xctest */,
				56284AB72CD0F48F00941DEF /* Save-PocketUITests.xctest */,
			);
			name = Products;
			sourceTree = "<group>";
		};
		56284A9D2CD0F48D00941DEF /* Save-Pocket */ = {
			isa = PBXGroup;
			children = (
				56284A9E2CD0F48D00941DEF /* Save_PocketApp.swift */,
				56284AA02CD0F48D00941DEF /* ContentView.swift */,
				56284AA22CD0F48F00941DEF /* Assets.xcassets */,
				56284AA72CD0F48F00941DEF /* Info.plist */,
				56284AA42CD0F48F00941DEF /* Preview Content */,
			);
			path = "Save-Pocket";
			sourceTree = "<group>";
		};
		56284AA42CD0F48F00941DEF /* Preview Content */ = {
			isa = PBXGroup;
			children = (
				56284AA52CD0F48F00941DEF /* Preview Assets.xcassets */,
			);
			path = "Preview Content";
			sourceTree = "<group>";
		};
		56284AAF2CD0F48F00941DEF /* Save-PocketTests */ = {
			isa = PBXGroup;
			children = (
				56284AB02CD0F48F00941DEF /* Save_PocketTests.swift */,
				56284AB22CD0F48F00941DEF /* Info.plist */,
			);
			path = "Save-PocketTests";
			sourceTree = "<group>";
		};
		56284ABA2CD0F48F00941DEF /* Save-PocketUITests */ = {
			isa = PBXGroup;
			children = (
				56284ABB2CD0F48F00941DEF /* Save_PocketUITests.swift */,
				56284ABD2CD0F48F00941DEF /* Info.plist */,
			);
			path = "Save-PocketUITests";
			sourceTree = "<group>";
		};
/* End PBXGroup section */

/* Begin PBXNativeTarget section */
		56284A9A2CD0F48D00941DEF /* Save-Pocket */ = {
			isa = PBXNativeTarget;
			buildConfigurationList = 56284AC02CD0F48F00941DEF /* Build configuration list for PBXNativeTarget "Save-Pocket" */;
			buildPhases = (
				56284A972CD0F48D00941DEF /* Sources */,
				56284A982CD0F48D00941DEF /* Frameworks */,
				56284A992CD0F48D00941DEF /* Resources */,
			);
			buildRules = (
			);
			dependencies = (
			);
			name = "Save-Pocket";
			productName = "Save-Pocket";
			productReference = 56284A9B2CD0F48D00941DEF /* Save-Pocket.app */;
			productType = "com.apple.product-type.application";
		};
		56284AAB2CD0F48F00941DEF /* Save-PocketTests */ = {
			isa = PBXNativeTarget;
			buildConfigurationList = 56284AC32CD0F48F00941DEF /* Build configuration list for PBXNativeTarget "Save-PocketTests" */;
			buildPhases = (
				56284AA82CD0F48F00941DEF /* Sources */,
				56284AA92CD0F48F00941DEF /* Frameworks */,
				56284AAA2CD0F48F00941DEF /* Resources */,
			);
			buildRules = (
			);
			dependencies = (
				56284AAE2CD0F48F00941DEF /* PBXTargetDependency */,
			);
			name = "Save-PocketTests";
			productName = "Save-PocketTests";
			productReference = 56284AAC2CD0F48F00941DEF /* Save-PocketTests.xctest */;
			productType = "com.apple.product-type.bundle.unit-test";
		};
		56284AB62CD0F48F00941DEF /* Save-PocketUITests */ = {
			isa = PBXNativeTarget;
			buildConfigurationList = 56284AC62CD0F48F00941DEF /* Build configuration list for PBXNativeTarget "Save-PocketUITests" */;
			buildPhases = (
				56284AB32CD0F48F00941DEF /* Sources */,
				56284AB42CD0F48F00941DEF /* Frameworks */,
				56284AB52CD0F48F00941DEF /* Resources */,
			);
			buildRules = (
			);
			dependencies = (
				56284AB92CD0F48F00941DEF /* PBXTargetDependency */,
			);
			name = "Save-PocketUITests";
			productName = "Save-PocketUITests";
			productReference = 56284AB72CD0F48F00941DEF /* Save-PocketUITests.xctest */;
			productType = "com.apple.product-type.bundle.ui-testing";
		};
/* End PBXNativeTarget section */

/* Begin PBXProject section */
		56284A932CD0F48D00941DEF /* Project object */ = {
			isa = PBXProject;
			attributes = {
				LastSwiftUpdateCheck = 1240;
				LastUpgradeCheck = 1240;
				TargetAttributes = {
					56284A9A2CD0F48D00941DEF = {
						CreatedOnToolsVersion = 12.4;
					};
					56284AAB2CD0F48F00941DEF = {
						CreatedOnToolsVersion = 12.4;
						TestTargetID = 56284A9A2CD0F48D00941DEF;
					};
					56284AB62CD0F48F00941DEF = {
						CreatedOnToolsVersion = 12.4;
						TestTargetID = 56284A9A2CD0F48D00941DEF;
					};
				};
			};
			buildConfigurationList = 56284A962CD0F48D00941DEF /* Build configuration list for PBXProject "Save-Pocket" */;
			compatibilityVersion = "Xcode 9.3";
			developmentRegion = en;
			hasScannedForEncodings = 0;
			knownRegions = (
				en,
				Base,
			);
			mainGroup = 56284A922CD0F48D00941DEF;
			productRefGroup = 56284A9C2CD0F48D00941DEF /* Products */;
			projectDirPath = "";
			projectRoot = "";
			targets = (
				56284A9A2CD0F48D00941DEF /* Save-Pocket */,
				56284AAB2CD0F48F00941DEF /* Save-PocketTests */,
				56284AB62CD0F48F00941DEF /* Save-PocketUITests */,
			);
		};
/* End PBXProject section */

/* Begin PBXResourcesBuildPhase section */
		56284A992CD0F48D00941DEF /* Resources */ = {
			isa = PBXResourcesBuildPhase;
			buildActionMask = 2147483647;
			files = (
				56284AA62CD0F48F00941DEF /* Preview Assets.xcassets in Resources */,
				56284AA32CD0F48F00941DEF /* Assets.xcassets in Resources */,
			);
			runOnlyForDeploymentPostprocessing = 0;
		};
		56284AAA2CD0F48F00941DEF /* Resources */ = {
			isa = PBXResourcesBuildPhase;
			buildActionMask = 2147483647;
			files = (
			);
			runOnlyForDeploymentPostprocessing = 0;
		};
		56284AB52CD0F48F00941DEF /* Resources */ = {
			isa = PBXResourcesBuildPhase;
			buildActionMask = 2147483647;
			files = (
			);
			runOnlyForDeploymentPostprocessing = 0;
		};
/* End PBXResourcesBuildPhase section */

/* Begin PBXSourcesBuildPhase section */
		56284A972CD0F48D00941DEF /* Sources */ = {
			isa = PBXSourcesBuildPhase;
			buildActionMask = 2147483647;
			files = (
				56284AA12CD0F48D00941DEF /* ContentView.swift in Sources */,
				56284A9F2CD0F48D00941DEF /* Save_PocketApp.swift in Sources */,
			);
			runOnlyForDeploymentPostprocessing = 0;
		};
		56284AA82CD0F48F00941DEF /* Sources */ = {
			isa = PBXSourcesBuildPhase;
			buildActionMask = 2147483647;
			files = (
				56284AB12CD0F48F00941DEF /* Save_PocketTests.swift in Sources */,
			);
			runOnlyForDeploymentPostprocessing = 0;
		};
		56284AB32CD0F48F00941DEF /* Sources */ = {
			isa = PBXSourcesBuildPhase;
			buildActionMask = 2147483647;
			files = (
				56284ABC2CD0F48F00941DEF /* Save_PocketUITests.swift in Sources */,
			);
			runOnlyForDeploymentPostprocessing = 0;
		};
/* End PBXSourcesBuildPhase section */

/* Begin PBXTargetDependency section */
		56284AAE2CD0F48F00941DEF /* PBXTargetDependency */ = {
			isa = PBXTargetDependency;
			target = 56284A9A2CD0F48D00941DEF /* Save-Pocket */;
			targetProxy = 56284AAD2CD0F48F00941DEF /* PBXContainerItemProxy */;
		};
		56284AB92CD0F48F00941DEF /* PBXTargetDependency */ = {
			isa = PBXTargetDependency;
			target = 56284A9A2CD0F48D00941DEF /* Save-Pocket */;
			targetProxy = 56284AB82CD0F48F00941DEF /* PBXContainerItemProxy */;
		};
/* End PBXTargetDependency section */

/* Begin XCBuildConfiguration section */
		56284ABE2CD0F48F00941DEF /* Debug */ = {
			isa = XCBuildConfiguration;
			buildSettings = {
				ALWAYS_SEARCH_USER_PATHS = NO;
				CLANG_ANALYZER_NONNULL = YES;
				CLANG_ANALYZER_NUMBER_OBJECT_CONVERSION = YES_AGGRESSIVE;
				CLANG_CXX_LANGUAGE_STANDARD = "gnu++14";
				CLANG_CXX_LIBRARY = "libc++";
				CLANG_ENABLE_MODULES = YES;
				CLANG_ENABLE_OBJC_ARC = YES;
				CLANG_ENABLE_OBJC_WEAK = YES;
				CLANG_WARN_BLOCK_CAPTURE_AUTORELEASING = YES;
				CLANG_WARN_BOOL_CONVERSION = YES;
				CLANG_WARN_COMMA = YES;
				CLANG_WARN_CONSTANT_CONVERSION = YES;
				CLANG_WARN_DEPRECATED_OBJC_IMPLEMENTATIONS = YES;
				CLANG_WARN_DIRECT_OBJC_ISA_USAGE = YES_ERROR;
				CLANG_WARN_DOCUMENTATION_COMMENTS = YES;
				CLANG_WARN_EMPTY_BODY = YES;
				CLANG_WARN_ENUM_CONVERSION = YES;
				CLANG_WARN_INFINITE_RECURSION = YES;
				CLANG_WARN_INT_CONVERSION = YES;
				CLANG_WARN_NON_LITERAL_NULL_CONVERSION = YES;
				CLANG_WARN_OBJC_IMPLICIT_RETAIN_SELF = YES;
				CLANG_WARN_OBJC_LITERAL_CONVERSION = YES;
				CLANG_WARN_OBJC_ROOT_CLASS = YES_ERROR;
				CLANG_WARN_QUOTED_INCLUDE_IN_FRAMEWORK_HEADER = YES;
				CLANG_WARN_RANGE_LOOP_ANALYSIS = YES;
				CLANG_WARN_STRICT_PROTOTYPES = YES;
				CLANG_WARN_SUSPICIOUS_MOVE = YES;
				CLANG_WARN_UNGUARDED_AVAILABILITY = YES_AGGRESSIVE;
				CLANG_WARN_UNREACHABLE_CODE = YES;
				CLANG_WARN__DUPLICATE_METHOD_MATCH = YES;
				COPY_PHASE_STRIP = NO;
				DEBUG_INFORMATION_FORMAT = dwarf;
				ENABLE_STRICT_OBJC_MSGSEND = YES;
				ENABLE_TESTABILITY = YES;
				GCC_C_LANGUAGE_STANDARD = gnu11;
				GCC_DYNAMIC_NO_PIC = NO;
				GCC_NO_COMMON_BLOCKS = YES;
				GCC_OPTIMIZATION_LEVEL = 0;
				GCC_PREPROCESSOR_DEFINITIONS = (
					"DEBUG=1",
					"$(inherited)",
				);
				GCC_WARN_64_TO_32_BIT_CONVERSION = YES;
				GCC_WARN_ABOUT_RETURN_TYPE = YES_ERROR;
				GCC_WARN_UNDECLARED_SELECTOR = YES;
				GCC_WARN_UNINITIALIZED_AUTOS = YES_AGGRESSIVE;
				GCC_WARN_UNUSED_FUNCTION = YES;
				GCC_WARN_UNUSED_VARIABLE = YES;
				IPHONEOS_DEPLOYMENT_TARGET = 14.4;
				MTL_ENABLE_DEBUG_INFO = INCLUDE_SOURCE;
				MTL_FAST_MATH = YES;
				ONLY_ACTIVE_ARCH = YES;
				SDKROOT = iphoneos;
				SWIFT_ACTIVE_COMPILATION_CONDITIONS = DEBUG;
				SWIFT_OPTIMIZATION_LEVEL = "-Onone";
			};
			name = Debug;
		};
		56284ABF2CD0F48F00941DEF /* Release */ = {
			isa = XCBuildConfiguration;
			buildSettings = {
				ALWAYS_SEARCH_USER_PATHS = NO;
				CLANG_ANALYZER_NONNULL = YES;
				CLANG_ANALYZER_NUMBER_OBJECT_CONVERSION = YES_AGGRESSIVE;
				CLANG_CXX_LANGUAGE_STANDARD = "gnu++14";
				CLANG_CXX_LIBRARY = "libc++";
				CLANG_ENABLE_MODULES = YES;
				CLANG_ENABLE_OBJC_ARC = YES;
				CLANG_ENABLE_OBJC_WEAK = YES;
				CLANG_WARN_BLOCK_CAPTURE_AUTORELEASING = YES;
				CLANG_WARN_BOOL_CONVERSION = YES;
				CLANG_WARN_COMMA = YES;
				CLANG_WARN_CONSTANT_CONVERSION = YES;
				CLANG_WARN_DEPRECATED_OBJC_IMPLEMENTATIONS = YES;
				CLANG_WARN_DIRECT_OBJC_ISA_USAGE = YES_ERROR;
				CLANG_WARN_DOCUMENTATION_COMMENTS = YES;
				CLANG_WARN_EMPTY_BODY = YES;
				CLANG_WARN_ENUM_CONVERSION = YES;
				CLANG_WARN_INFINITE_RECURSION = YES;
				CLANG_WARN_INT_CONVERSION = YES;
				CLANG_WARN_NON_LITERAL_NULL_CONVERSION = YES;
				CLANG_WARN_OBJC_IMPLICIT_RETAIN_SELF = YES;
				CLANG_WARN_OBJC_LITERAL_CONVERSION = YES;
				CLANG_WARN_OBJC_ROOT_CLASS = YES_ERROR;
				CLANG_WARN_QUOTED_INCLUDE_IN_FRAMEWORK_HEADER = YES;
				CLANG_WARN_RANGE_LOOP_ANALYSIS = YES;
				CLANG_WARN_STRICT_PROTOTYPES = YES;
				CLANG_WARN_SUSPICIOUS_MOVE = YES;
				CLANG_WARN_UNGUARDED_AVAILABILITY = YES_AGGRESSIVE;
				CLANG_WARN_UNREACHABLE_CODE = YES;
				CLANG_WARN__DUPLICATE_METHOD_MATCH = YES;
				COPY_PHASE_STRIP = NO;
				DEBUG_INFORMATION_FORMAT = "dwarf-with-dsym";
				ENABLE_NS_ASSERTIONS = NO;
				ENABLE_STRICT_OBJC_MSGSEND = YES;
				GCC_C_LANGUAGE_STANDARD = gnu11;
				GCC_NO_COMMON_BLOCKS = YES;
				GCC_WARN_64_TO_32_BIT_CONVERSION = YES;
				GCC_WARN_ABOUT_RETURN_TYPE = YES_ERROR;
				GCC_WARN_UNDECLARED_SELECTOR = YES;
				GCC_WARN_UNINITIALIZED_AUTOS = YES_AGGRESSIVE;
				GCC_WARN_UNUSED_FUNCTION = YES;
				GCC_WARN_UNUSED_VARIABLE = YES;
				IPHONEOS_DEPLOYMENT_TARGET = 14.4;
				MTL_ENABLE_DEBUG_INFO = NO;
				MTL_FAST_MATH = YES;
				SDKROOT = iphoneos;
				SWIFT_COMPILATION_MODE = wholemodule;
				SWIFT_OPTIMIZATION_LEVEL = "-O";
				VALIDATE_PRODUCT = YES;
			};
			name = Release;
		};
		56284AC12CD0F48F00941DEF /* Debug */ = {
			isa = XCBuildConfiguration;
			buildSettings = {
				ASSETCATALOG_COMPILER_APPICON_NAME = AppIcon;
				ASSETCATALOG_COMPILER_GLOBAL_ACCENT_COLOR_NAME = AccentColor;
				CODE_SIGN_STYLE = Automatic;
				DEVELOPMENT_ASSET_PATHS = "\"Save-Pocket/Preview Content\"";
				ENABLE_PREVIEWS = YES;
				INFOPLIST_FILE = "Save-Pocket/Info.plist";
				IPHONEOS_DEPLOYMENT_TARGET = 14.0;
				LD_RUNPATH_SEARCH_PATHS = (
					"$(inherited)",
					"@executable_path/Frameworks",
				);
				PRODUCT_BUNDLE_IDENTIFIER = "HESHAN-DUNUMALA.Save-Pocket";
				PRODUCT_NAME = "$(TARGET_NAME)";
				SWIFT_VERSION = 5.0;
				TARGETED_DEVICE_FAMILY = "1,2";
			};
			name = Debug;
		};
		56284AC22CD0F48F00941DEF /* Release */ = {
			isa = XCBuildConfiguration;
			buildSettings = {
				ASSETCATALOG_COMPILER_APPICON_NAME = AppIcon;
				ASSETCATALOG_COMPILER_GLOBAL_ACCENT_COLOR_NAME = AccentColor;
				CODE_SIGN_STYLE = Automatic;
				DEVELOPMENT_ASSET_PATHS = "\"Save-Pocket/Preview Content\"";
				ENABLE_PREVIEWS = YES;
				INFOPLIST_FILE = "Save-Pocket/Info.plist";
				IPHONEOS_DEPLOYMENT_TARGET = 14.0;
				LD_RUNPATH_SEARCH_PATHS = (
					"$(inherited)",
					"@executable_path/Frameworks",
				);
				PRODUCT_BUNDLE_IDENTIFIER = "HESHAN-DUNUMALA.Save-Pocket";
				PRODUCT_NAME = "$(TARGET_NAME)";
				SWIFT_VERSION = 5.0;
				TARGETED_DEVICE_FAMILY = "1,2";
			};
			name = Release;
		};
		56284AC42CD0F48F00941DEF /* Debug */ = {
			isa = XCBuildConfiguration;
			buildSettings = {
				ALWAYS_EMBED_SWIFT_STANDARD_LIBRARIES = YES;
				BUNDLE_LOADER = "$(TEST_HOST)";
				CODE_SIGN_STYLE = Automatic;
				INFOPLIST_FILE = "Save-PocketTests/Info.plist";
				IPHONEOS_DEPLOYMENT_TARGET = 14.0;
				LD_RUNPATH_SEARCH_PATHS = (
					"$(inherited)",
					"@executable_path/Frameworks",
					"@loader_path/Frameworks",
				);
				PRODUCT_BUNDLE_IDENTIFIER = "HESHAN-DUNUMALA.Save-PocketTests";
				PRODUCT_NAME = "$(TARGET_NAME)";
				SWIFT_VERSION = 5.0;
				TARGETED_DEVICE_FAMILY = "1,2";
				TEST_HOST = "$(BUILT_PRODUCTS_DIR)/Save-Pocket.app/Save-Pocket";
			};
			name = Debug;
		};
		56284AC52CD0F48F00941DEF /* Release */ = {
			isa = XCBuildConfiguration;
			buildSettings = {
				ALWAYS_EMBED_SWIFT_STANDARD_LIBRARIES = YES;
				BUNDLE_LOADER = "$(TEST_HOST)";
				CODE_SIGN_STYLE = Automatic;
				INFOPLIST_FILE = "Save-PocketTests/Info.plist";
				IPHONEOS_DEPLOYMENT_TARGET = 14.0;
				LD_RUNPATH_SEARCH_PATHS = (
					"$(inherited)",
					"@executable_path/Frameworks",
					"@loader_path/Frameworks",
				);
				PRODUCT_BUNDLE_IDENTIFIER = "HESHAN-DUNUMALA.Save-PocketTests";
				PRODUCT_NAME = "$(TARGET_NAME)";
				SWIFT_VERSION = 5.0;
				TARGETED_DEVICE_FAMILY = "1,2";
				TEST_HOST = "$(BUILT_PRODUCTS_DIR)/Save-Pocket.app/Save-Pocket";
			};
			name = Release;
		};
		56284AC72CD0F48F00941DEF /* Debug */ = {
			isa = XCBuildConfiguration;
			buildSettings = {
				ALWAYS_EMBED_SWIFT_STANDARD_LIBRARIES = YES;
				CODE_SIGN_STYLE = Automatic;
				INFOPLIST_FILE = "Save-PocketUITests/Info.plist";
				LD_RUNPATH_SEARCH_PATHS = (
					"$(inherited)",
					"@executable_path/Frameworks",
					"@loader_path/Frameworks",
				);
				PRODUCT_BUNDLE_IDENTIFIER = "HESHAN-DUNUMALA.Save-PocketUITests";
				PRODUCT_NAME = "$(TARGET_NAME)";
				SWIFT_VERSION = 5.0;
				TARGETED_DEVICE_FAMILY = "1,2";
				TEST_TARGET_NAME = "Save-Pocket";
			};
			name = Debug;
		};
		56284AC82CD0F48F00941DEF /* Release */ = {
			isa = XCBuildConfiguration;
			buildSettings = {
				ALWAYS_EMBED_SWIFT_STANDARD_LIBRARIES = YES;
				CODE_SIGN_STYLE = Automatic;
				INFOPLIST_FILE = "Save-PocketUITests/Info.plist";
				LD_RUNPATH_SEARCH_PATHS = (
					"$(inherited)",
					"@executable_path/Frameworks",
					"@loader_path/Frameworks",
				);
				PRODUCT_BUNDLE_IDENTIFIER = "HESHAN-DUNUMALA.Save-PocketUITests";
				PRODUCT_NAME = "$(TARGET_NAME)";
				SWIFT_VERSION = 5.0;
				TARGETED_DEVICE_FAMILY = "1,2";
				TEST_TARGET_NAME = "Save-Pocket";
			};
			name = Release;
		};
/* End XCBuildConfiguration section */

/* Begin XCConfigurationList section */
		56284A962CD0F48D00941DEF /* Build configuration list for PBXProject "Save-Pocket" */ = {
			isa = XCConfigurationList;
			buildConfigurations = (
				56284ABE2CD0F48F00941DEF /* Debug */,
				56284ABF2CD0F48F00941DEF /* Release */,
			);
			defaultConfigurationIsVisible = 0;
			defaultConfigurationName = Release;
		};
		56284AC02CD0F48F00941DEF /* Build configuration list for PBXNativeTarget "Save-Pocket" */ = {
			isa = XCConfigurationList;
			buildConfigurations = (
				56284AC12CD0F48F00941DEF /* Debug */,
				56284AC22CD0F48F00941DEF /* Release */,
			);
			defaultConfigurationIsVisible = 0;
			defaultConfigurationName = Release;
		};
		56284AC32CD0F48F00941DEF /* Build configuration list for PBXNativeTarget "Save-PocketTests" */ = {
			isa = XCConfigurationList;
			buildConfigurations = (
				56284AC42CD0F48F00941DEF /* Debug */,
				56284AC52CD0F48F00941DEF /* Release */,
			);
			defaultConfigurationIsVisible = 0;
			defaultConfigurationName = Release;
		};
		56284AC62CD0F48F00941DEF /* Build configuration list for PBXNativeTarget "Save-PocketUITests" */ = {
			isa = XCConfigurationList;
			buildConfigurations = (
				56284AC72CD0F48F00941DEF /* Debug */,
				56284AC82CD0F48F00941DEF /* Release */,
			);
			defaultConfigurationIsVisible = 0;
			defaultConfigurationName = Release;
		};
/* End XCConfigurationList section */
	};
	rootObject = 56284A932CD0F48D00941DEF /* Project object */;
}
